// !$*UTF8*$!
{
	archiveVersion = 1;
	classes = {
	};
	objectVersion = 46;
	objects = {

/* Begin PBXBuildFile section */
		D9F5233919EE3C9200AA62C4 /* AppDelegate.swift in Sources */ = {isa = PBXBuildFile; fileRef = D9F5233819EE3C9200AA62C4 /* AppDelegate.swift */; };
		D9F5233B19EE3C9200AA62C4 /* ViewController.swift in Sources */ = {isa = PBXBuildFile; fileRef = D9F5233A19EE3C9200AA62C4 /* ViewController.swift */; };
		D9F5233E19EE3C9200AA62C4 /* Main.storyboard in Resources */ = {isa = PBXBuildFile; fileRef = D9F5233C19EE3C9200AA62C4 /* Main.storyboard */; };
		D9F5234019EE3C9200AA62C4 /* Images.xcassets in Resources */ = {isa = PBXBuildFile; fileRef = D9F5233F19EE3C9200AA62C4 /* Images.xcassets */; };
		D9F5234319EE3C9200AA62C4 /* LaunchScreen.xib in Resources */ = {isa = PBXBuildFile; fileRef = D9F5234119EE3C9200AA62C4 /* LaunchScreen.xib */; };
		D9F5234F19EE3C9200AA62C4 /* AtmosphereTests.swift in Sources */ = {isa = PBXBuildFile; fileRef = D9F5234E19EE3C9200AA62C4 /* AtmosphereTests.swift */; };
		D9F5236419EE405100AA62C4 /* Alamofire.framework in Copy Frameworks */ = {isa = PBXBuildFile; fileRef = D9F5235E19EE3FCF00AA62C4 /* Alamofire.framework */; settings = {ATTRIBUTES = (CodeSignOnCopy, RemoveHeadersOnCopy, ); }; };
/* End PBXBuildFile section */

/* Begin PBXContainerItemProxy section */
		D9F5234919EE3C9200AA62C4 /* PBXContainerItemProxy */ = {
			isa = PBXContainerItemProxy;
			containerPortal = D9F5232B19EE3C9200AA62C4 /* Project object */;
			proxyType = 1;
			remoteGlobalIDString = D9F5233219EE3C9200AA62C4;
			remoteInfo = Atmosphere;
		};
		D9F5235D19EE3FCF00AA62C4 /* PBXContainerItemProxy */ = {
			isa = PBXContainerItemProxy;
			containerPortal = D9F5235819EE3FCF00AA62C4 /* Alamofire.xcodeproj */;
			proxyType = 2;
			remoteGlobalIDString = F8111E3319A95C8B0040E7D1;
			remoteInfo = Alamofire;
		};
		D9F5235F19EE3FCF00AA62C4 /* PBXContainerItemProxy */ = {
			isa = PBXContainerItemProxy;
			containerPortal = D9F5235819EE3FCF00AA62C4 /* Alamofire.xcodeproj */;
			proxyType = 2;
			remoteGlobalIDString = F8111E3E19A95C8B0040E7D1;
			remoteInfo = AlamofireTests;
		};
		D9F5236119EE401F00AA62C4 /* PBXContainerItemProxy */ = {
			isa = PBXContainerItemProxy;
			containerPortal = D9F5235819EE3FCF00AA62C4 /* Alamofire.xcodeproj */;
			proxyType = 1;
			remoteGlobalIDString = F8111E3219A95C8B0040E7D1;
			remoteInfo = Alamofire;
		};
/* End PBXContainerItemProxy section */

/* Begin PBXCopyFilesBuildPhase section */
		D9F5236319EE402F00AA62C4 /* Copy Frameworks */ = {
			isa = PBXCopyFilesBuildPhase;
			buildActionMask = 2147483647;
			dstPath = "";
			dstSubfolderSpec = 10;
			files = (
				D9F5236419EE405100AA62C4 /* Alamofire.framework in Copy Frameworks */,
			);
			name = "Copy Frameworks";
			runOnlyForDeploymentPostprocessing = 0;
		};
/* End PBXCopyFilesBuildPhase section */

/* Begin PBXFileReference section */
		D9F5233319EE3C9200AA62C4 /* Atmosphere.app */ = {isa = PBXFileReference; explicitFileType = wrapper.application; includeInIndex = 0; path = Atmosphere.app; sourceTree = BUILT_PRODUCTS_DIR; };
		D9F5233719EE3C9200AA62C4 /* Info.plist */ = {isa = PBXFileReference; lastKnownFileType = text.plist.xml; path = Info.plist; sourceTree = "<group>"; };
		D9F5233819EE3C9200AA62C4 /* AppDelegate.swift */ = {isa = PBXFileReference; lastKnownFileType = sourcecode.swift; path = AppDelegate.swift; sourceTree = "<group>"; };
		D9F5233A19EE3C9200AA62C4 /* ViewController.swift */ = {isa = PBXFileReference; lastKnownFileType = sourcecode.swift; path = ViewController.swift; sourceTree = "<group>"; };
		D9F5233D19EE3C9200AA62C4 /* Base */ = {isa = PBXFileReference; lastKnownFileType = file.storyboard; name = Base; path = Base.lproj/Main.storyboard; sourceTree = "<group>"; };
		D9F5233F19EE3C9200AA62C4 /* Images.xcassets */ = {isa = PBXFileReference; lastKnownFileType = folder.assetcatalog; path = Images.xcassets; sourceTree = "<group>"; };
		D9F5234219EE3C9200AA62C4 /* Base */ = {isa = PBXFileReference; lastKnownFileType = file.xib; name = Base; path = Base.lproj/LaunchScreen.xib; sourceTree = "<group>"; };
		D9F5234819EE3C9200AA62C4 /* AtmosphereTests.xctest */ = {isa = PBXFileReference; explicitFileType = wrapper.cfbundle; includeInIndex = 0; path = AtmosphereTests.xctest; sourceTree = BUILT_PRODUCTS_DIR; };
		D9F5234D19EE3C9200AA62C4 /* Info.plist */ = {isa = PBXFileReference; lastKnownFileType = text.plist.xml; path = Info.plist; sourceTree = "<group>"; };
		D9F5234E19EE3C9200AA62C4 /* AtmosphereTests.swift */ = {isa = PBXFileReference; lastKnownFileType = sourcecode.swift; path = AtmosphereTests.swift; sourceTree = "<group>"; };
		D9F5235819EE3FCF00AA62C4 /* Alamofire.xcodeproj */ = {isa = PBXFileReference; lastKnownFileType = "wrapper.pb-project"; name = Alamofire.xcodeproj; path = Alamofire/Alamofire.xcodeproj; sourceTree = "<group>"; };
/* End PBXFileReference section */

/* Begin PBXFrameworksBuildPhase section */
		D9F5233019EE3C9200AA62C4 /* Frameworks */ = {
			isa = PBXFrameworksBuildPhase;
			buildActionMask = 2147483647;
			files = (
			);
			runOnlyForDeploymentPostprocessing = 0;
		};
		D9F5234519EE3C9200AA62C4 /* Frameworks */ = {
			isa = PBXFrameworksBuildPhase;
			buildActionMask = 2147483647;
			files = (
			);
			runOnlyForDeploymentPostprocessing = 0;
		};
/* End PBXFrameworksBuildPhase section */

/* Begin PBXGroup section */
		D9F5232A19EE3C9200AA62C4 = {
			isa = PBXGroup;
			children = (
				D9F5235819EE3FCF00AA62C4 /* Alamofire.xcodeproj */,
				D9F5233519EE3C9200AA62C4 /* Atmosphere */,
				D9F5234B19EE3C9200AA62C4 /* AtmosphereTests */,
				D9F5233419EE3C9200AA62C4 /* Products */,
			);
			sourceTree = "<group>";
		};
		D9F5233419EE3C9200AA62C4 /* Products */ = {
			isa = PBXGroup;
			children = (
				D9F5233319EE3C9200AA62C4 /* Atmosphere.app */,
				D9F5234819EE3C9200AA62C4 /* AtmosphereTests.xctest */,
			);
			name = Products;
			sourceTree = "<group>";
		};
		D9F5233519EE3C9200AA62C4 /* Atmosphere */ = {
			isa = PBXGroup;
			children = (
				D9F5233819EE3C9200AA62C4 /* AppDelegate.swift */,
				D9F5233A19EE3C9200AA62C4 /* ViewController.swift */,
				D9F5233C19EE3C9200AA62C4 /* Main.storyboard */,
				D9F5233F19EE3C9200AA62C4 /* Images.xcassets */,
				D9F5234119EE3C9200AA62C4 /* LaunchScreen.xib */,
				D9F5233619EE3C9200AA62C4 /* Supporting Files */,
			);
			path = Atmosphere;
			sourceTree = "<group>";
		};
		D9F5233619EE3C9200AA62C4 /* Supporting Files */ = {
			isa = PBXGroup;
			children = (
				D9F5233719EE3C9200AA62C4 /* Info.plist */,
			);
			name = "Supporting Files";
			sourceTree = "<group>";
		};
		D9F5234B19EE3C9200AA62C4 /* AtmosphereTests */ = {
			isa = PBXGroup;
			children = (
				D9F5234E19EE3C9200AA62C4 /* AtmosphereTests.swift */,
				D9F5234C19EE3C9200AA62C4 /* Supporting Files */,
			);
			path = AtmosphereTests;
			sourceTree = "<group>";
		};
		D9F5234C19EE3C9200AA62C4 /* Supporting Files */ = {
			isa = PBXGroup;
			children = (
				D9F5234D19EE3C9200AA62C4 /* Info.plist */,
			);
			name = "Supporting Files";
			sourceTree = "<group>";
		};
		D9F5235919EE3FCF00AA62C4 /* Products */ = {
			isa = PBXGroup;
			children = (
				D9F5235E19EE3FCF00AA62C4 /* Alamofire.framework */,
				D9F5236019EE3FCF00AA62C4 /* AlamofireTests.xctest */,
			);
			name = Products;
			sourceTree = "<group>";
		};
/* End PBXGroup section */

/* Begin PBXNativeTarget section */
		D9F5233219EE3C9200AA62C4 /* Atmosphere */ = {
			isa = PBXNativeTarget;
			buildConfigurationList = D9F5235219EE3C9200AA62C4 /* Build configuration list for PBXNativeTarget "Atmosphere" */;
			buildPhases = (
				D9F5232F19EE3C9200AA62C4 /* Sources */,
				D9F5233019EE3C9200AA62C4 /* Frameworks */,
				D9F5233119EE3C9200AA62C4 /* Resources */,
				D9F5236319EE402F00AA62C4 /* Copy Frameworks */,
			);
			buildRules = (
			);
			dependencies = (
				D9F5236219EE401F00AA62C4 /* PBXTargetDependency */,
			);
			name = Atmosphere;
			productName = Atmosphere;
			productReference = D9F5233319EE3C9200AA62C4 /* Atmosphere.app */;
			productType = "com.apple.product-type.application";
		};
		D9F5234719EE3C9200AA62C4 /* AtmosphereTests */ = {
			isa = PBXNativeTarget;
			buildConfigurationList = D9F5235519EE3C9200AA62C4 /* Build configuration list for PBXNativeTarget "AtmosphereTests" */;
			buildPhases = (
				D9F5234419EE3C9200AA62C4 /* Sources */,
				D9F5234519EE3C9200AA62C4 /* Frameworks */,
				D9F5234619EE3C9200AA62C4 /* Resources */,
			);
			buildRules = (
			);
			dependencies = (
				D9F5234A19EE3C9200AA62C4 /* PBXTargetDependency */,
			);
			name = AtmosphereTests;
			productName = AtmosphereTests;
			productReference = D9F5234819EE3C9200AA62C4 /* AtmosphereTests.xctest */;
			productType = "com.apple.product-type.bundle.unit-test";
		};
/* End PBXNativeTarget section */

/* Begin PBXProject section */
		D9F5232B19EE3C9200AA62C4 /* Project object */ = {
			isa = PBXProject;
			attributes = {
				LastUpgradeCheck = 0600;
				ORGANIZATIONNAME = covelline;
				TargetAttributes = {
					D9F5233219EE3C9200AA62C4 = {
						CreatedOnToolsVersion = 6.0.1;
						DevelopmentTeam = K45ES832VB;
						SystemCapabilities = {
							com.apple.BackgroundModes = {
								enabled = 0;
							};
							com.apple.Maps.iOS = {
								enabled = 0;
							};
						};
					};
					D9F5234719EE3C9200AA62C4 = {
						CreatedOnToolsVersion = 6.0.1;
						TestTargetID = D9F5233219EE3C9200AA62C4;
					};
				};
			};
			buildConfigurationList = D9F5232E19EE3C9200AA62C4 /* Build configuration list for PBXProject "Atmosphere" */;
			compatibilityVersion = "Xcode 3.2";
			developmentRegion = English;
			hasScannedForEncodings = 0;
			knownRegions = (
				en,
				Base,
			);
			mainGroup = D9F5232A19EE3C9200AA62C4;
			productRefGroup = D9F5233419EE3C9200AA62C4 /* Products */;
			projectDirPath = "";
			projectReferences = (
				{
					ProductGroup = D9F5235919EE3FCF00AA62C4 /* Products */;
					ProjectRef = D9F5235819EE3FCF00AA62C4 /* Alamofire.xcodeproj */;
				},
			);
			projectRoot = "";
			targets = (
				D9F5233219EE3C9200AA62C4 /* Atmosphere */,
				D9F5234719EE3C9200AA62C4 /* AtmosphereTests */,
			);
		};
/* End PBXProject section */

/* Begin PBXReferenceProxy section */
		D9F5235E19EE3FCF00AA62C4 /* Alamofire.framework */ = {
			isa = PBXReferenceProxy;
			fileType = wrapper.framework;
			path = Alamofire.framework;
			remoteRef = D9F5235D19EE3FCF00AA62C4 /* PBXContainerItemProxy */;
			sourceTree = BUILT_PRODUCTS_DIR;
		};
		D9F5236019EE3FCF00AA62C4 /* AlamofireTests.xctest */ = {
			isa = PBXReferenceProxy;
			fileType = wrapper.cfbundle;
			path = AlamofireTests.xctest;
			remoteRef = D9F5235F19EE3FCF00AA62C4 /* PBXContainerItemProxy */;
			sourceTree = BUILT_PRODUCTS_DIR;
		};
/* End PBXReferenceProxy section */

/* Begin PBXResourcesBuildPhase section */
		D9F5233119EE3C9200AA62C4 /* Resources */ = {
			isa = PBXResourcesBuildPhase;
			buildActionMask = 2147483647;
			files = (
				D9F5233E19EE3C9200AA62C4 /* Main.storyboard in Resources */,
				D9F5234319EE3C9200AA62C4 /* LaunchScreen.xib in Resources */,
				D9F5234019EE3C9200AA62C4 /* Images.xcassets in Resources */,
			);
			runOnlyForDeploymentPostprocessing = 0;
		};
		D9F5234619EE3C9200AA62C4 /* Resources */ = {
			isa = PBXResourcesBuildPhase;
			buildActionMask = 2147483647;
			files = (
			);
			runOnlyForDeploymentPostprocessing = 0;
		};
/* End PBXResourcesBuildPhase section */

/* Begin PBXSourcesBuildPhase section */
		D9F5232F19EE3C9200AA62C4 /* Sources */ = {
			isa = PBXSourcesBuildPhase;
			buildActionMask = 2147483647;
			files = (
				D9F5233B19EE3C9200AA62C4 /* ViewController.swift in Sources */,
				D9F5233919EE3C9200AA62C4 /* AppDelegate.swift in Sources */,
			);
			runOnlyForDeploymentPostprocessing = 0;
		};
		D9F5234419EE3C9200AA62C4 /* Sources */ = {
			isa = PBXSourcesBuildPhase;
			buildActionMask = 2147483647;
			files = (
				D9F5234F19EE3C9200AA62C4 /* AtmosphereTests.swift in Sources */,
			);
			runOnlyForDeploymentPostprocessing = 0;
		};
/* End PBXSourcesBuildPhase section */

/* Begin PBXTargetDependency section */
		D9F5234A19EE3C9200AA62C4 /* PBXTargetDependency */ = {
			isa = PBXTargetDependency;
			target = D9F5233219EE3C9200AA62C4 /* Atmosphere */;
			targetProxy = D9F5234919EE3C9200AA62C4 /* PBXContainerItemProxy */;
		};
		D9F5236219EE401F00AA62C4 /* PBXTargetDependency */ = {
			isa = PBXTargetDependency;
			name = Alamofire;
			targetProxy = D9F5236119EE401F00AA62C4 /* PBXContainerItemProxy */;
		};
/* End PBXTargetDependency section */

/* Begin PBXVariantGroup section */
		D9F5233C19EE3C9200AA62C4 /* Main.storyboard */ = {
			isa = PBXVariantGroup;
			children = (
				D9F5233D19EE3C9200AA62C4 /* Base */,
			);
			name = Main.storyboard;
			sourceTree = "<group>";
		};
		D9F5234119EE3C9200AA62C4 /* LaunchScreen.xib */ = {
			isa = PBXVariantGroup;
			children = (
				D9F5234219EE3C9200AA62C4 /* Base */,
			);
			name = LaunchScreen.xib;
			sourceTree = "<group>";
		};
/* End PBXVariantGroup section */

/* Begin XCBuildConfiguration section */
		D9F5235019EE3C9200AA62C4 /* Debug */ = {
			isa = XCBuildConfiguration;
			buildSettings = {
				ALWAYS_SEARCH_USER_PATHS = NO;
				CLANG_CXX_LANGUAGE_STANDARD = "gnu++0x";
				CLANG_CXX_LIBRARY = "libc++";
				CLANG_ENABLE_MODULES = YES;
				CLANG_ENABLE_OBJC_ARC = YES;
				CLANG_WARN_BOOL_CONVERSION = YES;
				CLANG_WARN_CONSTANT_CONVERSION = YES;
				CLANG_WARN_DIRECT_OBJC_ISA_USAGE = YES_ERROR;
				CLANG_WARN_EMPTY_BODY = YES;
				CLANG_WARN_ENUM_CONVERSION = YES;
				CLANG_WARN_INT_CONVERSION = YES;
				CLANG_WARN_OBJC_ROOT_CLASS = YES_ERROR;
				CLANG_WARN_UNREACHABLE_CODE = YES;
				CLANG_WARN__DUPLICATE_METHOD_MATCH = YES;
				"CODE_SIGN_IDENTITY[sdk=iphoneos*]" = "iPhone Developer";
				COPY_PHASE_STRIP = NO;
				ENABLE_STRICT_OBJC_MSGSEND = YES;
				GCC_C_LANGUAGE_STANDARD = gnu99;
				GCC_DYNAMIC_NO_PIC = NO;
				GCC_OPTIMIZATION_LEVEL = 0;
				GCC_PREPROCESSOR_DEFINITIONS = (
					"DEBUG=1",
					"$(inherited)",
				);
				GCC_SYMBOLS_PRIVATE_EXTERN = NO;
				GCC_WARN_64_TO_32_BIT_CONVERSION = YES;
				GCC_WARN_ABOUT_RETURN_TYPE = YES_ERROR;
				GCC_WARN_UNDECLARED_SELECTOR = YES;
				GCC_WARN_UNINITIALIZED_AUTOS = YES_AGGRESSIVE;
				GCC_WARN_UNUSED_FUNCTION = YES;
				GCC_WARN_UNUSED_VARIABLE = YES;
				IPHONEOS_DEPLOYMENT_TARGET = 8.0;
				MTL_ENABLE_DEBUG_INFO = YES;
				ONLY_ACTIVE_ARCH = YES;
				SDKROOT = iphoneos;
				SWIFT_OPTIMIZATION_LEVEL = "-Onone";
			};
			name = Debug;
		};
		D9F5235119EE3C9200AA62C4 /* Release */ = {
			isa = XCBuildConfiguration;
			buildSettings = {
				ALWAYS_SEARCH_USER_PATHS = NO;
				CLANG_CXX_LANGUAGE_STANDARD = "gnu++0x";
				CLANG_CXX_LIBRARY = "libc++";
				CLANG_ENABLE_MODULES = YES;
				CLANG_ENABLE_OBJC_ARC = YES;
				CLANG_WARN_BOOL_CONVERSION = YES;
				CLANG_WARN_CONSTANT_CONVERSION = YES;
				CLANG_WARN_DIRECT_OBJC_ISA_USAGE = YES_ERROR;
				CLANG_WARN_EMPTY_BODY = YES;
				CLANG_WARN_ENUM_CONVERSION = YES;
				CLANG_WARN_INT_CONVERSION = YES;
				CLANG_WARN_OBJC_ROOT_CLASS = YES_ERROR;
				CLANG_WARN_UNREACHABLE_CODE = YES;
				CLANG_WARN__DUPLICATE_METHOD_MATCH = YES;
				"CODE_SIGN_IDENTITY[sdk=iphoneos*]" = "iPhone Developer";
				COPY_PHASE_STRIP = YES;
				ENABLE_NS_ASSERTIONS = NO;
				ENABLE_STRICT_OBJC_MSGSEND = YES;
				GCC_C_LANGUAGE_STANDARD = gnu99;
				GCC_WARN_64_TO_32_BIT_CONVERSION = YES;
				GCC_WARN_ABOUT_RETURN_TYPE = YES_ERROR;
				GCC_WARN_UNDECLARED_SELECTOR = YES;
				GCC_WARN_UNINITIALIZED_AUTOS = YES_AGGRESSIVE;
				GCC_WARN_UNUSED_FUNCTION = YES;
				GCC_WARN_UNUSED_VARIABLE = YES;
				IPHONEOS_DEPLOYMENT_TARGET = 8.0;
				MTL_ENABLE_DEBUG_INFO = NO;
				SDKROOT = iphoneos;
				VALIDATE_PRODUCT = YES;
			};
			name = Release;
		};
		D9F5235319EE3C9200AA62C4 /* Debug */ = {
			isa = XCBuildConfiguration;
			buildSettings = {
				ASSETCATALOG_COMPILER_APPICON_NAME = AppIcon;
				CODE_SIGN_IDENTITY = "iPhone Developer";
				INFOPLIST_FILE = Atmosphere/Info.plist;
				LD_RUNPATH_SEARCH_PATHS = "$(inherited) @executable_path/Frameworks";
				PRODUCT_NAME = "$(TARGET_NAME)";
			};
			name = Debug;
		};
		D9F5235419EE3C9200AA62C4 /* Release */ = {
			isa = XCBuildConfiguration;
			buildSettings = {
				ASSETCATALOG_COMPILER_APPICON_NAME = AppIcon;
				CODE_SIGN_IDENTITY = "iPhone Developer";
				INFOPLIST_FILE = Atmosphere/Info.plist;
				LD_RUNPATH_SEARCH_PATHS = "$(inherited) @executable_path/Frameworks";
				PRODUCT_NAME = "$(TARGET_NAME)";
			};
			name = Release;
		};
		D9F5235619EE3C9200AA62C4 /* Debug */ = {
			isa = XCBuildConfiguration;
			buildSettings = {
				BUNDLE_LOADER = "$(TEST_HOST)";
				FRAMEWORK_SEARCH_PATHS = (
					"$(SDKROOT)/Developer/Library/Frameworks",
					"$(inherited)",
				);
				GCC_PREPROCESSOR_DEFINITIONS = (
					"DEBUG=1",
					"$(inherited)",
				);
				INFOPLIST_FILE = AtmosphereTests/Info.plist;
				LD_RUNPATH_SEARCH_PATHS = "$(inherited) @executable_path/Frameworks @loader_path/Frameworks";
				PRODUCT_NAME = "$(TARGET_NAME)";
				TEST_HOST = "$(BUILT_PRODUCTS_DIR)/Atmosphere.app/Atmosphere";
			};
			name = Debug;
		};
		D9F5235719EE3C9200AA62C4 /* Release */ = {
			isa = XCBuildConfiguration;
			buildSettings = {
				BUNDLE_LOADER = "$(TEST_HOST)";
				FRAMEWORK_SEARCH_PATHS = (
					"$(SDKROOT)/Developer/Library/Frameworks",
					"$(inherited)",
				);
				INFOPLIST_FILE = AtmosphereTests/Info.plist;
				LD_RUNPATH_SEARCH_PATHS = "$(inherited) @executable_path/Frameworks @loader_path/Frameworks";
				PRODUCT_NAME = "$(TARGET_NAME)";
				TEST_HOST = "$(BUILT_PRODUCTS_DIR)/Atmosphere.app/Atmosphere";
			};
			name = Release;
		};
/* End XCBuildConfiguration section */

/* Begin XCConfigurationList section */
		D9F5232E19EE3C9200AA62C4 /* Build configuration list for PBXProject "Atmosphere" */ = {
			isa = XCConfigurationList;
			buildConfigurations = (
				D9F5235019EE3C9200AA62C4 /* Debug */,
				D9F5235119EE3C9200AA62C4 /* Release */,
			);
			defaultConfigurationIsVisible = 0;
			defaultConfigurationName = Release;
		};
		D9F5235219EE3C9200AA62C4 /* Build configuration list for PBXNativeTarget "Atmosphere" */ = {
			isa = XCConfigurationList;
			buildConfigurations = (
				D9F5235319EE3C9200AA62C4 /* Debug */,
				D9F5235419EE3C9200AA62C4 /* Release */,
			);
			defaultConfigurationIsVisible = 0;
		};
		D9F5235519EE3C9200AA62C4 /* Build configuration list for PBXNativeTarget "AtmosphereTests" */ = {
			isa = XCConfigurationList;
			buildConfigurations = (
				D9F5235619EE3C9200AA62C4 /* Debug */,
				D9F5235719EE3C9200AA62C4 /* Release */,
			);
			defaultConfigurationIsVisible = 0;
		};
/* End XCConfigurationList section */
	};
	rootObject = D9F5232B19EE3C9200AA62C4 /* Project object */;
}
